
Microsoft Visual Studio Solution File, Format Version 12.00
# Visual Studio 15
VisualStudioVersion = 15.0.28307.705
MinimumVisualStudioVersion = 10.0.40219.1
Project("{8BC9CEB8-8B4A-11D0-8D11-00A0C91BC942}") = "MindRead2019", "MindRead2019\MindRead2019.vcxproj", "{3F7FD820-DEF1-48D6-8CBE-88BADB6ADC00}"
EndProject
Project("{8BC9CEB8-8B4A-11D0-8D11-00A0C91BC942}") = "DemosaicRaw", "DemosaicRaw\DemosaicRaw.vcxproj", "{231C6665-9636-4222-8FEF-02536489AC51}"
EndProject
Project("{8BC9CEB8-8B4A-11D0-8D11-00A0C91BC942}") = "EasyDecryption_ASCII", "EasyDecryption_ASCII\EasyDecryption_ASCII.vcxproj", "{CD9F5C4F-7A96-40E3-A449-22B7D50A01A3}"
EndProject
Project("{8BC9CEB8-8B4A-11D0-8D11-00A0C91BC942}") = "FeedMe", "FeedMe\FeedMe.vcxproj", "{76102143-8648-4F5D-A5A4-CB9C43F5E18D}"
EndProject
Project("{8BC9CEB8-8B4A-11D0-8D11-00A0C91BC942}") = "HighLowConverter", "HighLowConverter\HighLowConverter.vcxproj", "{715A333D-2212-41C9-AA32-0C1CCB7626AE}"
EndProject
Project("{8BC9CEB8-8B4A-11D0-8D11-00A0C91BC942}") = "MindRead_FunctionSet", "MindRead_FunctionSet\MindRead_FunctionSet.vcxproj", "{8436357E-491F-4D5F-A214-0BBB496436E4}"
EndProject
Project("{8BC9CEB8-8B4A-11D0-8D11-00A0C91BC942}") = "ThisIsFinalStage", "ThisIsFinalStage\ThisIsFinalStage.vcxproj", "{6DCD6CAF-0A78-4230-B22F-2B5DDC1D6EC3}"
EndProject
Project("{8BC9CEB8-8B4A-11D0-8D11-00A0C91BC942}") = "EasyEncryption_ASCII", "EasyEncryption_ASCII\EasyEncryption_ASCII.vcxproj", "{C9EECD2D-1D1B-4BD2-9C50-5B4E7458144D}"
EndProject
Global
	GlobalSection(SolutionConfigurationPlatforms) = preSolution
		Debug|x64 = Debug|x64
		Debug|x86 = Debug|x86
		Release|x64 = Release|x64
		Release|x86 = Release|x86
	EndGlobalSection
	GlobalSection(ProjectConfigurationPlatforms) = postSolution
		{3F7FD820-DEF1-48D6-8CBE-88BADB6ADC00}.Debug|x64.ActiveCfg = Debug|x64
		{3F7FD820-DEF1-48D6-8CBE-88BADB6ADC00}.Debug|x64.Build.0 = Debug|x64
		{3F7FD820-DEF1-48D6-8CBE-88BADB6ADC00}.Debug|x86.ActiveCfg = Debug|Win32
		{3F7FD820-DEF1-48D6-8CBE-88BADB6ADC00}.Debug|x86.Build.0 = Debug|Win32
		{3F7FD820-DEF1-48D6-8CBE-88BADB6ADC00}.Release|x64.ActiveCfg = Release|x64
		{3F7FD820-DEF1-48D6-8CBE-88BADB6ADC00}.Release|x64.Build.0 = Release|x64
		{3F7FD820-DEF1-48D6-8CBE-88BADB6ADC00}.Release|x86.ActiveCfg = Release|Win32
		{3F7FD820-DEF1-48D6-8CBE-88BADB6ADC00}.Release|x86.Build.0 = Release|Win32
		{231C6665-9636-4222-8FEF-02536489AC51}.Debug|x64.ActiveCfg = Debug|x64
		{231C6665-9636-4222-8FEF-02536489AC51}.Debug|x64.Build.0 = Debug|x64
		{231C6665-9636-4222-8FEF-02536489AC51}.Debug|x86.ActiveCfg = Debug|Win32
		{231C6665-9636-4222-8FEF-02536489AC51}.Debug|x86.Build.0 = Debug|Win32
		{231C6665-9636-4222-8FEF-02536489AC51}.Release|x64.ActiveCfg = Release|x64
		{231C6665-9636-4222-8FEF-02536489AC51}.Release|x64.Build.0 = Release|x64
		{231C6665-9636-4222-8FEF-02536489AC51}.Release|x86.ActiveCfg = Release|Win32
		{231C6665-9636-4222-8FEF-02536489AC51}.Release|x86.Build.0 = Release|Win32
		{CD9F5C4F-7A96-40E3-A449-22B7D50A01A3}.Debug|x64.ActiveCfg = Debug|x64
		{CD9F5C4F-7A96-40E3-A449-22B7D50A01A3}.Debug|x64.Build.0 = Debug|x64
		{CD9F5C4F-7A96-40E3-A449-22B7D50A01A3}.Debug|x86.ActiveCfg = Debug|Win32
		{CD9F5C4F-7A96-40E3-A449-22B7D50A01A3}.Debug|x86.Build.0 = Debug|Win32
		{CD9F5C4F-7A96-40E3-A449-22B7D50A01A3}.Release|x64.ActiveCfg = Release|x64
		{CD9F5C4F-7A96-40E3-A449-22B7D50A01A3}.Release|x64.Build.0 = Release|x64
		{CD9F5C4F-7A96-40E3-A449-22B7D50A01A3}.Release|x86.ActiveCfg = Release|Win32
		{CD9F5C4F-7A96-40E3-A449-22B7D50A01A3}.Release|x86.Build.0 = Release|Win32
		{76102143-8648-4F5D-A5A4-CB9C43F5E18D}.Debug|x64.ActiveCfg = Debug|x64
		{76102143-8648-4F5D-A5A4-CB9C43F5E18D}.Debug|x64.Build.0 = Debug|x64
		{76102143-8648-4F5D-A5A4-CB9C43F5E18D}.Debug|x86.ActiveCfg = Debug|Win32
		{76102143-8648-4F5D-A5A4-CB9C43F5E18D}.Debug|x86.Build.0 = Debug|Win32
		{76102143-8648-4F5D-A5A4-CB9C43F5E18D}.Release|x64.ActiveCfg = Release|x64
		{76102143-8648-4F5D-A5A4-CB9C43F5E18D}.Release|x64.Build.0 = Release|x64
		{76102143-8648-4F5D-A5A4-CB9C43F5E18D}.Release|x86.ActiveCfg = Release|Win32
		{76102143-8648-4F5D-A5A4-CB9C43F5E18D}.Release|x86.Build.0 = Release|Win32
		{715A333D-2212-41C9-AA32-0C1CCB7626AE}.Debug|x64.ActiveCfg = Debug|x64
		{715A333D-2212-41C9-AA32-0C1CCB7626AE}.Debug|x64.Build.0 = Debug|x64
		{715A333D-2212-41C9-AA32-0C1CCB7626AE}.Debug|x86.ActiveCfg = Debug|Win32
		{715A333D-2212-41C9-AA32-0C1CCB7626AE}.Debug|x86.Build.0 = Debug|Win32
		{715A333D-2212-41C9-AA32-0C1CCB7626AE}.Release|x64.ActiveCfg = Release|x64
		{715A333D-2212-41C9-AA32-0C1CCB7626AE}.Release|x64.Build.0 = Release|x64
		{715A333D-2212-41C9-AA32-0C1CCB7626AE}.Release|x86.ActiveCfg = Release|Win32
		{715A333D-2212-41C9-AA32-0C1CCB7626AE}.Release|x86.Build.0 = Release|Win32
		{8436357E-491F-4D5F-A214-0BBB496436E4}.Debug|x64.ActiveCfg = Debug|x64
		{8436357E-491F-4D5F-A214-0BBB496436E4}.Debug|x64.Build.0 = Debug|x64
		{8436357E-491F-4D5F-A214-0BBB496436E4}.Debug|x86.ActiveCfg = Debug|Win32
		{8436357E-491F-4D5F-A214-0BBB496436E4}.Debug|x86.Build.0 = Debug|Win32
		{8436357E-491F-4D5F-A214-0BBB496436E4}.Release|x64.ActiveCfg = Release|x64
		{8436357E-491F-4D5F-A214-0BBB496436E4}.Release|x64.Build.0 = Release|x64
		{8436357E-491F-4D5F-A214-0BBB496436E4}.Release|x86.ActiveCfg = Release|Win32
		{8436357E-491F-4D5F-A214-0BBB496436E4}.Release|x86.Build.0 = Release|Win32
		{6DCD6CAF-0A78-4230-B22F-2B5DDC1D6EC3}.Debug|x64.ActiveCfg = Debug|x64
		{6DCD6CAF-0A78-4230-B22F-2B5DDC1D6EC3}.Debug|x64.Build.0 = Debug|x64
		{6DCD6CAF-0A78-4230-B22F-2B5DDC1D6EC3}.Debug|x86.ActiveCfg = Debug|Win32
		{6DCD6CAF-0A78-4230-B22F-2B5DDC1D6EC3}.Debug|x86.Build.0 = Debug|Win32
		{6DCD6CAF-0A78-4230-B22F-2B5DDC1D6EC3}.Release|x64.ActiveCfg = Release|x64
		{6DCD6CAF-0A78-4230-B22F-2B5DDC1D6EC3}.Release|x64.Build.0 = Release|x64
		{6DCD6CAF-0A78-4230-B22F-2B5DDC1D6EC3}.Release|x86.ActiveCfg = Release|Win32
		{6DCD6CAF-0A78-4230-B22F-2B5DDC1D6EC3}.Release|x86.Build.0 = Release|Win32
		{C9EECD2D-1D1B-4BD2-9C50-5B4E7458144D}.Debug|x64.ActiveCfg = Debug|x64
		{C9EECD2D-1D1B-4BD2-9C50-5B4E7458144D}.Debug|x64.Build.0 = Debug|x64
		{C9EECD2D-1D1B-4BD2-9C50-5B4E7458144D}.Debug|x86.ActiveCfg = Debug|Win32
		{C9EECD2D-1D1B-4BD2-9C50-5B4E7458144D}.Debug|x86.Build.0 = Debug|Win32
		{C9EECD2D-1D1B-4BD2-9C50-5B4E7458144D}.Release|x64.ActiveCfg = Release|x64
		{C9EECD2D-1D1B-4BD2-9C50-5B4E7458144D}.Release|x64.Build.0 = Release|x64
		{C9EECD2D-1D1B-4BD2-9C50-5B4E7458144D}.Release|x86.ActiveCfg = Release|Win32
		{C9EECD2D-1D1B-4BD2-9C50-5B4E7458144D}.Release|x86.Build.0 = Release|Win32
	EndGlobalSection
	GlobalSection(SolutionProperties) = preSolution
		HideSolutionNode = FALSE
	EndGlobalSection
	GlobalSection(ExtensibilityGlobals) = postSolution
		SolutionGuid = {029C4791-9FB3-41C2-B5A3-506C3E4001DD}
	EndGlobalSection
EndGlobal
